<Solution>
  <Folder Name="/src/">
    <Project Path="src/MemberRegistration.Core/MemberRegistration.Core.csproj" />
    <Project Path="src/MemberRegistration.Functions/MemberRegistration.Functions.csproj" />
  </Folder>
  <Folder Name="/tests/">
    <Project Path="tests/MemberRegistration.Tests/MemberRegistration.Tests.csproj" />
  </Folder>
</Solution>
